
Microsoft Visual Studio Solution File, Format Version 12.00
# Visual Studio 15
VisualStudioVersion = 15.0.28307.852
MinimumVisualStudioVersion = 10.0.40219.1
Project("{FAE04EC0-301F-11D3-BF4B-00C04F79EFBC}") = "CourseApp.Web", "CourseApp.Web\CourseApp.Web.csproj", "{EBD384C2-52B6-4B94-885F-8CF006D3A744}"
EndProject
Global
	GlobalSection(SolutionConfigurationPlatforms) = preSolution
		Debug|Any CPU = Debug|Any CPU
		Release|Any CPU = Release|Any CPU
	EndGlobalSection
	GlobalSection(ProjectConfigurationPlatforms) = postSolution
		{EBD384C2-52B6-4B94-885F-8CF006D3A744}.Debug|Any CPU.ActiveCfg = Debug|Any CPU
		{EBD384C2-52B6-4B94-885F-8CF006D3A744}.Debug|Any CPU.Build.0 = Debug|Any CPU
		{EBD384C2-52B6-4B94-885F-8CF006D3A744}.Release|Any CPU.ActiveCfg = Release|Any CPU
		{EBD384C2-52B6-4B94-885F-8CF006D3A744}.Release|Any CPU.Build.0 = Release|Any CPU
	EndGlobalSection
	GlobalSection(SolutionProperties) = preSolution
		HideSolutionNode = FALSE
	EndGlobalSection
	GlobalSection(ExtensibilityGlobals) = postSolution
		SolutionGuid = {F1CB2B5F-7068-4917-9413-7C3B3C6070FD}
	EndGlobalSection
EndGlobal
